// !$*UTF8*$!
{
	archiveVersion = 1;
	classes = {
	};
	objectVersion = 56;
	objects = {

/* Begin PBXBuildFile section */
		85752A0D29F708F700F541C3 /* ITC_Assignment_16App.swift in Sources */ = {isa = PBXBuildFile; fileRef = 85752A0C29F708F700F541C3 /* ITC_Assignment_16App.swift */; };
		85752A0F29F708F700F541C3 /* ContentView.swift in Sources */ = {isa = PBXBuildFile; fileRef = 85752A0E29F708F700F541C3 /* ContentView.swift */; };
		85752A1129F708FA00F541C3 /* Assets.xcassets in Resources */ = {isa = PBXBuildFile; fileRef = 85752A1029F708FA00F541C3 /* Assets.xcassets */; };
		85752A1529F708FA00F541C3 /* Preview Assets.xcassets in Resources */ = {isa = PBXBuildFile; fileRef = 85752A1429F708FA00F541C3 /* Preview Assets.xcassets */; };
		85752A1F29F708FB00F541C3 /* ITC_Assignment_16Tests.swift in Sources */ = {isa = PBXBuildFile; fileRef = 85752A1E29F708FB00F541C3 /* ITC_Assignment_16Tests.swift */; };
		85752A2929F708FB00F541C3 /* ITC_Assignment_16UITests.swift in Sources */ = {isa = PBXBuildFile; fileRef = 85752A2829F708FB00F541C3 /* ITC_Assignment_16UITests.swift */; };
		85752A2B29F708FB00F541C3 /* ITC_Assignment_16UITestsLaunchTests.swift in Sources */ = {isa = PBXBuildFile; fileRef = 85752A2A29F708FB00F541C3 /* ITC_Assignment_16UITestsLaunchTests.swift */; };
/* End PBXBuildFile section */

/* Begin PBXContainerItemProxy section */
		85752A1B29F708FB00F541C3 /* PBXContainerItemProxy */ = {
			isa = PBXContainerItemProxy;
			containerPortal = 85752A0129F708F700F541C3 /* Project object */;
			proxyType = 1;
			remoteGlobalIDString = 85752A0829F708F700F541C3;
			remoteInfo = "ITC-Assignment-16";
		};
		85752A2529F708FB00F541C3 /* PBXContainerItemProxy */ = {
			isa = PBXContainerItemProxy;
			containerPortal = 85752A0129F708F700F541C3 /* Project object */;
			proxyType = 1;
			remoteGlobalIDString = 85752A0829F708F700F541C3;
			remoteInfo = "ITC-Assignment-16";
		};
/* End PBXContainerItemProxy section */

/* Begin PBXFileReference section */
		85752A0929F708F700F541C3 /* ITC-Assignment-16.app */ = {isa = PBXFileReference; explicitFileType = wrapper.application; includeInIndex = 0; path = "ITC-Assignment-16.app"; sourceTree = BUILT_PRODUCTS_DIR; };
		85752A0C29F708F700F541C3 /* ITC_Assignment_16App.swift */ = {isa = PBXFileReference; lastKnownFileType = sourcecode.swift; path = ITC_Assignment_16App.swift; sourceTree = "<group>"; };
		85752A0E29F708F700F541C3 /* ContentView.swift */ = {isa = PBXFileReference; lastKnownFileType = sourcecode.swift; path = ContentView.swift; sourceTree = "<group>"; };
		85752A1029F708FA00F541C3 /* Assets.xcassets */ = {isa = PBXFileReference; lastKnownFileType = folder.assetcatalog; path = Assets.xcassets; sourceTree = "<group>"; };
		85752A1229F708FA00F541C3 /* ITC_Assignment_16.entitlements */ = {isa = PBXFileReference; lastKnownFileType = text.plist.entitlements; path = ITC_Assignment_16.entitlements; sourceTree = "<group>"; };
		85752A1429F708FA00F541C3 /* Preview Assets.xcassets */ = {isa = PBXFileReference; lastKnownFileType = folder.assetcatalog; path = "Preview Assets.xcassets"; sourceTree = "<group>"; };
		85752A1A29F708FB00F541C3 /* ITC-Assignment-16Tests.xctest */ = {isa = PBXFileReference; explicitFileType = wrapper.cfbundle; includeInIndex = 0; path = "ITC-Assignment-16Tests.xctest"; sourceTree = BUILT_PRODUCTS_DIR; };
		85752A1E29F708FB00F541C3 /* ITC_Assignment_16Tests.swift */ = {isa = PBXFileReference; lastKnownFileType = sourcecode.swift; path = ITC_Assignment_16Tests.swift; sourceTree = "<group>"; };
		85752A2429F708FB00F541C3 /* ITC-Assignment-16UITests.xctest */ = {isa = PBXFileReference; explicitFileType = wrapper.cfbundle; includeInIndex = 0; path = "ITC-Assignment-16UITests.xctest"; sourceTree = BUILT_PRODUCTS_DIR; };
		85752A2829F708FB00F541C3 /* ITC_Assignment_16UITests.swift */ = {isa = PBXFileReference; lastKnownFileType = sourcecode.swift; path = ITC_Assignment_16UITests.swift; sourceTree = "<group>"; };
		85752A2A29F708FB00F541C3 /* ITC_Assignment_16UITestsLaunchTests.swift */ = {isa = PBXFileReference; lastKnownFileType = sourcecode.swift; path = ITC_Assignment_16UITestsLaunchTests.swift; sourceTree = "<group>"; };
/* End PBXFileReference section */

/* Begin PBXFrameworksBuildPhase section */
		85752A0629F708F700F541C3 /* Frameworks */ = {
			isa = PBXFrameworksBuildPhase;
			buildActionMask = 2147483647;
			files = (
			);
			runOnlyForDeploymentPostprocessing = 0;
		};
		85752A1729F708FA00F541C3 /* Frameworks */ = {
			isa = PBXFrameworksBuildPhase;
			buildActionMask = 2147483647;
			files = (
			);
			runOnlyForDeploymentPostprocessing = 0;
		};
		85752A2129F708FB00F541C3 /* Frameworks */ = {
			isa = PBXFrameworksBuildPhase;
			buildActionMask = 2147483647;
			files = (
			);
			runOnlyForDeploymentPostprocessing = 0;
		};
/* End PBXFrameworksBuildPhase section */

/* Begin PBXGroup section */
		85752A0029F708F700F541C3 = {
			isa = PBXGroup;
			children = (
				85752A0B29F708F700F541C3 /* ITC-Assignment-16 */,
				85752A1D29F708FB00F541C3 /* ITC-Assignment-16Tests */,
				85752A2729F708FB00F541C3 /* ITC-Assignment-16UITests */,
				85752A0A29F708F700F541C3 /* Products */,
			);
			sourceTree = "<group>";
		};
		85752A0A29F708F700F541C3 /* Products */ = {
			isa = PBXGroup;
			children = (
				85752A0929F708F700F541C3 /* ITC-Assignment-16.app */,
				85752A1A29F708FB00F541C3 /* ITC-Assignment-16Tests.xctest */,
				85752A2429F708FB00F541C3 /* ITC-Assignment-16UITests.xctest */,
			);
			name = Products;
			sourceTree = "<group>";
		};
		85752A0B29F708F700F541C3 /* ITC-Assignment-16 */ = {
			isa = PBXGroup;
			children = (
				85752A0C29F708F700F541C3 /* ITC_Assignment_16App.swift */,
				85752A0E29F708F700F541C3 /* ContentView.swift */,
				85752A1029F708FA00F541C3 /* Assets.xcassets */,
				85752A1229F708FA00F541C3 /* ITC_Assignment_16.entitlements */,
				85752A1329F708FA00F541C3 /* Preview Content */,
			);
			path = "ITC-Assignment-16";
			sourceTree = "<group>";
		};
		85752A1329F708FA00F541C3 /* Preview Content */ = {
			isa = PBXGroup;
			children = (
				85752A1429F708FA00F541C3 /* Preview Assets.xcassets */,
			);
			path = "Preview Content";
			sourceTree = "<group>";
		};
		85752A1D29F708FB00F541C3 /* ITC-Assignment-16Tests */ = {
			isa = PBXGroup;
			children = (
				85752A1E29F708FB00F541C3 /* ITC_Assignment_16Tests.swift */,
			);
			path = "ITC-Assignment-16Tests";
			sourceTree = "<group>";
		};
		85752A2729F708FB00F541C3 /* ITC-Assignment-16UITests */ = {
			isa = PBXGroup;
			children = (
				85752A2829F708FB00F541C3 /* ITC_Assignment_16UITests.swift */,
				85752A2A29F708FB00F541C3 /* ITC_Assignment_16UITestsLaunchTests.swift */,
			);
			path = "ITC-Assignment-16UITests";
			sourceTree = "<group>";
		};
/* End PBXGroup section */

/* Begin PBXNativeTarget section */
		85752A0829F708F700F541C3 /* ITC-Assignment-16 */ = {
			isa = PBXNativeTarget;
			buildConfigurationList = 85752A2E29F708FB00F541C3 /* Build configuration list for PBXNativeTarget "ITC-Assignment-16" */;
			buildPhases = (
				85752A0529F708F700F541C3 /* Sources */,
				85752A0629F708F700F541C3 /* Frameworks */,
				85752A0729F708F700F541C3 /* Resources */,
			);
			buildRules = (
			);
			dependencies = (
			);
			name = "ITC-Assignment-16";
			productName = "ITC-Assignment-16";
			productReference = 85752A0929F708F700F541C3 /* ITC-Assignment-16.app */;
			productType = "com.apple.product-type.application";
		};
		85752A1929F708FA00F541C3 /* ITC-Assignment-16Tests */ = {
			isa = PBXNativeTarget;
			buildConfigurationList = 85752A3129F708FB00F541C3 /* Build configuration list for PBXNativeTarget "ITC-Assignment-16Tests" */;
			buildPhases = (
				85752A1629F708FA00F541C3 /* Sources */,
				85752A1729F708FA00F541C3 /* Frameworks */,
				85752A1829F708FA00F541C3 /* Resources */,
			);
			buildRules = (
			);
			dependencies = (
				85752A1C29F708FB00F541C3 /* PBXTargetDependency */,
			);
			name = "ITC-Assignment-16Tests";
			productName = "ITC-Assignment-16Tests";
			productReference = 85752A1A29F708FB00F541C3 /* ITC-Assignment-16Tests.xctest */;
			productType = "com.apple.product-type.bundle.unit-test";
		};
		85752A2329F708FB00F541C3 /* ITC-Assignment-16UITests */ = {
			isa = PBXNativeTarget;
			buildConfigurationList = 85752A3429F708FB00F541C3 /* Build configuration list for PBXNativeTarget "ITC-Assignment-16UITests" */;
			buildPhases = (
				85752A2029F708FB00F541C3 /* Sources */,
				85752A2129F708FB00F541C3 /* Frameworks */,
				85752A2229F708FB00F541C3 /* Resources */,
			);
			buildRules = (
			);
			dependencies = (
				85752A2629F708FB00F541C3 /* PBXTargetDependency */,
			);
			name = "ITC-Assignment-16UITests";
			productName = "ITC-Assignment-16UITests";
			productReference = 85752A2429F708FB00F541C3 /* ITC-Assignment-16UITests.xctest */;
			productType = "com.apple.product-type.bundle.ui-testing";
		};
/* End PBXNativeTarget section */

/* Begin PBXProject section */
		85752A0129F708F700F541C3 /* Project object */ = {
			isa = PBXProject;
			attributes = {
				BuildIndependentTargetsInParallel = 1;
				LastSwiftUpdateCheck = 1430;
				LastUpgradeCheck = 1430;
				TargetAttributes = {
					85752A0829F708F700F541C3 = {
						CreatedOnToolsVersion = 14.3;
					};
					85752A1929F708FA00F541C3 = {
						CreatedOnToolsVersion = 14.3;
						TestTargetID = 85752A0829F708F700F541C3;
					};
					85752A2329F708FB00F541C3 = {
						CreatedOnToolsVersion = 14.3;
						TestTargetID = 85752A0829F708F700F541C3;
					};
				};
			};
			buildConfigurationList = 85752A0429F708F700F541C3 /* Build configuration list for PBXProject "ITC-Assignment-16" */;
			compatibilityVersion = "Xcode 14.0";
			developmentRegion = en;
			hasScannedForEncodings = 0;
			knownRegions = (
				en,
				Base,
			);
			mainGroup = 85752A0029F708F700F541C3;
			productRefGroup = 85752A0A29F708F700F541C3 /* Products */;
			projectDirPath = "";
			projectRoot = "";
			targets = (
				85752A0829F708F700F541C3 /* ITC-Assignment-16 */,
				85752A1929F708FA00F541C3 /* ITC-Assignment-16Tests */,
				85752A2329F708FB00F541C3 /* ITC-Assignment-16UITests */,
			);
		};
/* End PBXProject section */

/* Begin PBXResourcesBuildPhase section */
		85752A0729F708F700F541C3 /* Resources */ = {
			isa = PBXResourcesBuildPhase;
			buildActionMask = 2147483647;
			files = (
				85752A1529F708FA00F541C3 /* Preview Assets.xcassets in Resources */,
				85752A1129F708FA00F541C3 /* Assets.xcassets in Resources */,
			);
			runOnlyForDeploymentPostprocessing = 0;
		};
		85752A1829F708FA00F541C3 /* Resources */ = {
			isa = PBXResourcesBuildPhase;
			buildActionMask = 2147483647;
			files = (
			);
			runOnlyForDeploymentPostprocessing = 0;
		};
		85752A2229F708FB00F541C3 /* Resources */ = {
			isa = PBXResourcesBuildPhase;
			buildActionMask = 2147483647;
			files = (
			);
			runOnlyForDeploymentPostprocessing = 0;
		};
/* End PBXResourcesBuildPhase section */

/* Begin PBXSourcesBuildPhase section */
		85752A0529F708F700F541C3 /* Sources */ = {
			isa = PBXSourcesBuildPhase;
			buildActionMask = 2147483647;
			files = (
				85752A0F29F708F700F541C3 /* ContentView.swift in Sources */,
				85752A0D29F708F700F541C3 /* ITC_Assignment_16App.swift in Sources */,
			);
			runOnlyForDeploymentPostprocessing = 0;
		};
		85752A1629F708FA00F541C3 /* Sources */ = {
			isa = PBXSourcesBuildPhase;
			buildActionMask = 2147483647;
			files = (
				85752A1F29F708FB00F541C3 /* ITC_Assignment_16Tests.swift in Sources */,
			);
			runOnlyForDeploymentPostprocessing = 0;
		};
		85752A2029F708FB00F541C3 /* Sources */ = {
			isa = PBXSourcesBuildPhase;
			buildActionMask = 2147483647;
			files = (
				85752A2929F708FB00F541C3 /* ITC_Assignment_16UITests.swift in Sources */,
				85752A2B29F708FB00F541C3 /* ITC_Assignment_16UITestsLaunchTests.swift in Sources */,
			);
			runOnlyForDeploymentPostprocessing = 0;
		};
/* End PBXSourcesBuildPhase section */

/* Begin PBXTargetDependency section */
		85752A1C29F708FB00F541C3 /* PBXTargetDependency */ = {
			isa = PBXTargetDependency;
			target = 85752A0829F708F700F541C3 /* ITC-Assignment-16 */;
			targetProxy = 85752A1B29F708FB00F541C3 /* PBXContainerItemProxy */;
		};
		85752A2629F708FB00F541C3 /* PBXTargetDependency */ = {
			isa = PBXTargetDependency;
			target = 85752A0829F708F700F541C3 /* ITC-Assignment-16 */;
			targetProxy = 85752A2529F708FB00F541C3 /* PBXContainerItemProxy */;
		};
/* End PBXTargetDependency section */

/* Begin XCBuildConfiguration section */
		85752A2C29F708FB00F541C3 /* Debug */ = {
			isa = XCBuildConfiguration;
			buildSettings = {
				ALWAYS_SEARCH_USER_PATHS = NO;
				CLANG_ANALYZER_NONNULL = YES;
				CLANG_ANALYZER_NUMBER_OBJECT_CONVERSION = YES_AGGRESSIVE;
				CLANG_CXX_LANGUAGE_STANDARD = "gnu++20";
				CLANG_ENABLE_MODULES = YES;
				CLANG_ENABLE_OBJC_ARC = YES;
				CLANG_ENABLE_OBJC_WEAK = YES;
				CLANG_WARN_BLOCK_CAPTURE_AUTORELEASING = YES;
				CLANG_WARN_BOOL_CONVERSION = YES;
				CLANG_WARN_COMMA = YES;
				CLANG_WARN_CONSTANT_CONVERSION = YES;
				CLANG_WARN_DEPRECATED_OBJC_IMPLEMENTATIONS = YES;
				CLANG_WARN_DIRECT_OBJC_ISA_USAGE = YES_ERROR;
				CLANG_WARN_DOCUMENTATION_COMMENTS = YES;
				CLANG_WARN_EMPTY_BODY = YES;
				CLANG_WARN_ENUM_CONVERSION = YES;
				CLANG_WARN_INFINITE_RECURSION = YES;
				CLANG_WARN_INT_CONVERSION = YES;
				CLANG_WARN_NON_LITERAL_NULL_CONVERSION = YES;
				CLANG_WARN_OBJC_IMPLICIT_RETAIN_SELF = YES;
				CLANG_WARN_OBJC_LITERAL_CONVERSION = YES;
				CLANG_WARN_OBJC_ROOT_CLASS = YES_ERROR;
				CLANG_WARN_QUOTED_INCLUDE_IN_FRAMEWORK_HEADER = YES;
				CLANG_WARN_RANGE_LOOP_ANALYSIS = YES;
				CLANG_WARN_STRICT_PROTOTYPES = YES;
				CLANG_WARN_SUSPICIOUS_MOVE = YES;
				CLANG_WARN_UNGUARDED_AVAILABILITY = YES_AGGRESSIVE;
				CLANG_WARN_UNREACHABLE_CODE = YES;
				CLANG_WARN__DUPLICATE_METHOD_MATCH = YES;
				COPY_PHASE_STRIP = NO;
				DEBUG_INFORMATION_FORMAT = dwarf;
				ENABLE_STRICT_OBJC_MSGSEND = YES;
				ENABLE_TESTABILITY = YES;
				GCC_C_LANGUAGE_STANDARD = gnu11;
				GCC_DYNAMIC_NO_PIC = NO;
				GCC_NO_COMMON_BLOCKS = YES;
				GCC_OPTIMIZATION_LEVEL = 0;
				GCC_PREPROCESSOR_DEFINITIONS = (
					"DEBUG=1",
					"$(inherited)",
				);
				GCC_WARN_64_TO_32_BIT_CONVERSION = YES;
				GCC_WARN_ABOUT_RETURN_TYPE = YES_ERROR;
				GCC_WARN_UNDECLARED_SELECTOR = YES;
				GCC_WARN_UNINITIALIZED_AUTOS = YES_AGGRESSIVE;
				GCC_WARN_UNUSED_FUNCTION = YES;
				GCC_WARN_UNUSED_VARIABLE = YES;
				MTL_ENABLE_DEBUG_INFO = INCLUDE_SOURCE;
				MTL_FAST_MATH = YES;
				ONLY_ACTIVE_ARCH = YES;
				SWIFT_ACTIVE_COMPILATION_CONDITIONS = DEBUG;
				SWIFT_OPTIMIZATION_LEVEL = "-Onone";
			};
			name = Debug;
		};
		85752A2D29F708FB00F541C3 /* Release */ = {
			isa = XCBuildConfiguration;
			buildSettings = {
				ALWAYS_SEARCH_USER_PATHS = NO;
				CLANG_ANALYZER_NONNULL = YES;
				CLANG_ANALYZER_NUMBER_OBJECT_CONVERSION = YES_AGGRESSIVE;
				CLANG_CXX_LANGUAGE_STANDARD = "gnu++20";
				CLANG_ENABLE_MODULES = YES;
				CLANG_ENABLE_OBJC_ARC = YES;
				CLANG_ENABLE_OBJC_WEAK = YES;
				CLANG_WARN_BLOCK_CAPTURE_AUTORELEASING = YES;
				CLANG_WARN_BOOL_CONVERSION = YES;
				CLANG_WARN_COMMA = YES;
				CLANG_WARN_CONSTANT_CONVERSION = YES;
				CLANG_WARN_DEPRECATED_OBJC_IMPLEMENTATIONS = YES;
				CLANG_WARN_DIRECT_OBJC_ISA_USAGE = YES_ERROR;
				CLANG_WARN_DOCUMENTATION_COMMENTS = YES;
				CLANG_WARN_EMPTY_BODY = YES;
				CLANG_WARN_ENUM_CONVERSION = YES;
				CLANG_WARN_INFINITE_RECURSION = YES;
				CLANG_WARN_INT_CONVERSION = YES;
				CLANG_WARN_NON_LITERAL_NULL_CONVERSION = YES;
				CLANG_WARN_OBJC_IMPLICIT_RETAIN_SELF = YES;
				CLANG_WARN_OBJC_LITERAL_CONVERSION = YES;
				CLANG_WARN_OBJC_ROOT_CLASS = YES_ERROR;
				CLANG_WARN_QUOTED_INCLUDE_IN_FRAMEWORK_HEADER = YES;
				CLANG_WARN_RANGE_LOOP_ANALYSIS = YES;
				CLANG_WARN_STRICT_PROTOTYPES = YES;
				CLANG_WARN_SUSPICIOUS_MOVE = YES;
				CLANG_WARN_UNGUARDED_AVAILABILITY = YES_AGGRESSIVE;
				CLANG_WARN_UNREACHABLE_CODE = YES;
				CLANG_WARN__DUPLICATE_METHOD_MATCH = YES;
				COPY_PHASE_STRIP = NO;
				DEBUG_INFORMATION_FORMAT = "dwarf-with-dsym";
				ENABLE_NS_ASSERTIONS = NO;
				ENABLE_STRICT_OBJC_MSGSEND = YES;
				GCC_C_LANGUAGE_STANDARD = gnu11;
				GCC_NO_COMMON_BLOCKS = YES;
				GCC_WARN_64_TO_32_BIT_CONVERSION = YES;
				GCC_WARN_ABOUT_RETURN_TYPE = YES_ERROR;
				GCC_WARN_UNDECLARED_SELECTOR = YES;
				GCC_WARN_UNINITIALIZED_AUTOS = YES_AGGRESSIVE;
				GCC_WARN_UNUSED_FUNCTION = YES;
				GCC_WARN_UNUSED_VARIABLE = YES;
				MTL_ENABLE_DEBUG_INFO = NO;
				MTL_FAST_MATH = YES;
				SWIFT_COMPILATION_MODE = wholemodule;
				SWIFT_OPTIMIZATION_LEVEL = "-O";
			};
			name = Release;
		};
		85752A2F29F708FB00F541C3 /* Debug */ = {
			isa = XCBuildConfiguration;
			buildSettings = {
				ASSETCATALOG_COMPILER_APPICON_NAME = AppIcon;
				ASSETCATALOG_COMPILER_GLOBAL_ACCENT_COLOR_NAME = AccentColor;
				CODE_SIGN_ENTITLEMENTS = "ITC-Assignment-16/ITC_Assignment_16.entitlements";
				CODE_SIGN_STYLE = Automatic;
				CURRENT_PROJECT_VERSION = 1;
				DEVELOPMENT_ASSET_PATHS = "\"ITC-Assignment-16/Preview Content\"";
				ENABLE_PREVIEWS = YES;
				GENERATE_INFOPLIST_FILE = YES;
				"INFOPLIST_KEY_UIApplicationSceneManifest_Generation[sdk=iphoneos*]" = YES;
				"INFOPLIST_KEY_UIApplicationSceneManifest_Generation[sdk=iphonesimulator*]" = YES;
				"INFOPLIST_KEY_UIApplicationSupportsIndirectInputEvents[sdk=iphoneos*]" = YES;
				"INFOPLIST_KEY_UIApplicationSupportsIndirectInputEvents[sdk=iphonesimulator*]" = YES;
				"INFOPLIST_KEY_UILaunchScreen_Generation[sdk=iphoneos*]" = YES;
				"INFOPLIST_KEY_UILaunchScreen_Generation[sdk=iphonesimulator*]" = YES;
				"INFOPLIST_KEY_UIStatusBarStyle[sdk=iphoneos*]" = UIStatusBarStyleDefault;
				"INFOPLIST_KEY_UIStatusBarStyle[sdk=iphonesimulator*]" = UIStatusBarStyleDefault;
				INFOPLIST_KEY_UISupportedInterfaceOrientations_iPad = "UIInterfaceOrientationPortrait UIInterfaceOrientationPortraitUpsideDown UIInterfaceOrientationLandscapeLeft UIInterfaceOrientationLandscapeRight";
				INFOPLIST_KEY_UISupportedInterfaceOrientations_iPhone = "UIInterfaceOrientationPortrait UIInterfaceOrientationLandscapeLeft UIInterfaceOrientationLandscapeRight";
				IPHONEOS_DEPLOYMENT_TARGET = 16.4;
				LD_RUNPATH_SEARCH_PATHS = "@executable_path/Frameworks";
				"LD_RUNPATH_SEARCH_PATHS[sdk=macosx*]" = "@executable_path/../Frameworks";
				MACOSX_DEPLOYMENT_TARGET = 13.3;
				MARKETING_VERSION = 1.0;
				PRODUCT_BUNDLE_IDENTIFIER = "com.isaiahojo.ITC-Assignment-16";
				PRODUCT_NAME = "$(TARGET_NAME)";
				SDKROOT = auto;
				SUPPORTED_PLATFORMS = "iphoneos iphonesimulator macosx";
				SWIFT_EMIT_LOC_STRINGS = YES;
				SWIFT_VERSION = 5.0;
				TARGETED_DEVICE_FAMILY = "1,2";
			};
			name = Debug;
		};
		85752A3029F708FB00F541C3 /* Release */ = {
			isa = XCBuildConfiguration;
			buildSettings = {
				ASSETCATALOG_COMPILER_APPICON_NAME = AppIcon;
				ASSETCATALOG_COMPILER_GLOBAL_ACCENT_COLOR_NAME = AccentColor;
				CODE_SIGN_ENTITLEMENTS = "ITC-Assignment-16/ITC_Assignment_16.entitlements";
				CODE_SIGN_STYLE = Automatic;
				CURRENT_PROJECT_VERSION = 1;
				DEVELOPMENT_ASSET_PATHS = "\"ITC-Assignment-16/Preview Content\"";
				ENABLE_PREVIEWS = YES;
				GENERATE_INFOPLIST_FILE = YES;
				"INFOPLIST_KEY_UIApplicationSceneManifest_Generation[sdk=iphoneos*]" = YES;
				"INFOPLIST_KEY_UIApplicationSceneManifest_Generation[sdk=iphonesimulator*]" = YES;
				"INFOPLIST_KEY_UIApplicationSupportsIndirectInputEvents[sdk=iphoneos*]" = YES;
				"INFOPLIST_KEY_UIApplicationSupportsIndirectInputEvents[sdk=iphonesimulator*]" = YES;
				"INFOPLIST_KEY_UILaunchScreen_Generation[sdk=iphoneos*]" = YES;
				"INFOPLIST_KEY_UILaunchScreen_Generation[sdk=iphonesimulator*]" = YES;
				"INFOPLIST_KEY_UIStatusBarStyle[sdk=iphoneos*]" = UIStatusBarStyleDefault;
				"INFOPLIST_KEY_UIStatusBarStyle[sdk=iphonesimulator*]" = UIStatusBarStyleDefault;
				INFOPLIST_KEY_UISupportedInterfaceOrientations_iPad = "UIInterfaceOrientationPortrait UIInterfaceOrientationPortraitUpsideDown UIInterfaceOrientationLandscapeLeft UIInterfaceOrientationLandscapeRight";
				INFOPLIST_KEY_UISupportedInterfaceOrientations_iPhone = "UIInterfaceOrientationPortrait UIInterfaceOrientationLandscapeLeft UIInterfaceOrientationLandscapeRight";
				IPHONEOS_DEPLOYMENT_TARGET = 16.4;
				LD_RUNPATH_SEARCH_PATHS = "@executable_path/Frameworks";
				"LD_RUNPATH_SEARCH_PATHS[sdk=macosx*]" = "@executable_path/../Frameworks";
				MACOSX_DEPLOYMENT_TARGET = 13.3;
				MARKETING_VERSION = 1.0;
				PRODUCT_BUNDLE_IDENTIFIER = "com.isaiahojo.ITC-Assignment-16";
				PRODUCT_NAME = "$(TARGET_NAME)";
				SDKROOT = auto;
				SUPPORTED_PLATFORMS = "iphoneos iphonesimulator macosx";
				SWIFT_EMIT_LOC_STRINGS = YES;
				SWIFT_VERSION = 5.0;
				TARGETED_DEVICE_FAMILY = "1,2";
			};
			name = Release;
		};
		85752A3229F708FB00F541C3 /* Debug */ = {
			isa = XCBuildConfiguration;
			buildSettings = {
				ALWAYS_EMBED_SWIFT_STANDARD_LIBRARIES = YES;
				BUNDLE_LOADER = "$(TEST_HOST)";
				CODE_SIGN_STYLE = Automatic;
				CURRENT_PROJECT_VERSION = 1;
				GENERATE_INFOPLIST_FILE = YES;
				IPHONEOS_DEPLOYMENT_TARGET = 16.4;
				MACOSX_DEPLOYMENT_TARGET = 13.3;
				MARKETING_VERSION = 1.0;
				PRODUCT_BUNDLE_IDENTIFIER = "com.isaiahojo.ITC-Assignment-16Tests";
				PRODUCT_NAME = "$(TARGET_NAME)";
				SDKROOT = auto;
				SUPPORTED_PLATFORMS = "iphoneos iphonesimulator macosx";
				SWIFT_EMIT_LOC_STRINGS = NO;
				SWIFT_VERSION = 5.0;
				TARGETED_DEVICE_FAMILY = "1,2";
				TEST_HOST = "$(BUILT_PRODUCTS_DIR)/ITC-Assignment-16.app/$(BUNDLE_EXECUTABLE_FOLDER_PATH)/ITC-Assignment-16";
			};
			name = Debug;
		};
		85752A3329F708FB00F541C3 /* Release */ = {
			isa = XCBuildConfiguration;
			buildSettings = {
				ALWAYS_EMBED_SWIFT_STANDARD_LIBRARIES = YES;
				BUNDLE_LOADER = "$(TEST_HOST)";
				CODE_SIGN_STYLE = Automatic;
				CURRENT_PROJECT_VERSION = 1;
				GENERATE_INFOPLIST_FILE = YES;
				IPHONEOS_DEPLOYMENT_TARGET = 16.4;
				MACOSX_DEPLOYMENT_TARGET = 13.3;
				MARKETING_VERSION = 1.0;
				PRODUCT_BUNDLE_IDENTIFIER = "com.isaiahojo.ITC-Assignment-16Tests";
				PRODUCT_NAME = "$(TARGET_NAME)";
				SDKROOT = auto;
				SUPPORTED_PLATFORMS = "iphoneos iphonesimulator macosx";
				SWIFT_EMIT_LOC_STRINGS = NO;
				SWIFT_VERSION = 5.0;
				TARGETED_DEVICE_FAMILY = "1,2";
				TEST_HOST = "$(BUILT_PRODUCTS_DIR)/ITC-Assignment-16.app/$(BUNDLE_EXECUTABLE_FOLDER_PATH)/ITC-Assignment-16";
			};
			name = Release;
		};
		85752A3529F708FB00F541C3 /* Debug */ = {
			isa = XCBuildConfiguration;
			buildSettings = {
				ALWAYS_EMBED_SWIFT_STANDARD_LIBRARIES = YES;
				CODE_SIGN_STYLE = Automatic;
				CURRENT_PROJECT_VERSION = 1;
				GENERATE_INFOPLIST_FILE = YES;
				IPHONEOS_DEPLOYMENT_TARGET = 16.4;
				MACOSX_DEPLOYMENT_TARGET = 13.3;
				MARKETING_VERSION = 1.0;
				PRODUCT_BUNDLE_IDENTIFIER = "com.isaiahojo.ITC-Assignment-16UITests";
				PRODUCT_NAME = "$(TARGET_NAME)";
				SDKROOT = auto;
				SUPPORTED_PLATFORMS = "iphoneos iphonesimulator macosx";
				SWIFT_EMIT_LOC_STRINGS = NO;
				SWIFT_VERSION = 5.0;
				TARGETED_DEVICE_FAMILY = "1,2";
				TEST_TARGET_NAME = "ITC-Assignment-16";
			};
			name = Debug;
		};
		85752A3629F708FB00F541C3 /* Release */ = {
			isa = XCBuildConfiguration;
			buildSettings = {
				ALWAYS_EMBED_SWIFT_STANDARD_LIBRARIES = YES;
				CODE_SIGN_STYLE = Automatic;
				CURRENT_PROJECT_VERSION = 1;
				GENERATE_INFOPLIST_FILE = YES;
				IPHONEOS_DEPLOYMENT_TARGET = 16.4;
				MACOSX_DEPLOYMENT_TARGET = 13.3;
				MARKETING_VERSION = 1.0;
				PRODUCT_BUNDLE_IDENTIFIER = "com.isaiahojo.ITC-Assignment-16UITests";
				PRODUCT_NAME = "$(TARGET_NAME)";
				SDKROOT = auto;
				SUPPORTED_PLATFORMS = "iphoneos iphonesimulator macosx";
				SWIFT_EMIT_LOC_STRINGS = NO;
				SWIFT_VERSION = 5.0;
				TARGETED_DEVICE_FAMILY = "1,2";
				TEST_TARGET_NAME = "ITC-Assignment-16";
			};
			name = Release;
		};
/* End XCBuildConfiguration section */

/* Begin XCConfigurationList section */
		85752A0429F708F700F541C3 /* Build configuration list for PBXProject "ITC-Assignment-16" */ = {
			isa = XCConfigurationList;
			buildConfigurations = (
				85752A2C29F708FB00F541C3 /* Debug */,
				85752A2D29F708FB00F541C3 /* Release */,
			);
			defaultConfigurationIsVisible = 0;
			defaultConfigurationName = Release;
		};
		85752A2E29F708FB00F541C3 /* Build configuration list for PBXNativeTarget "ITC-Assignment-16" */ = {
			isa = XCConfigurationList;
			buildConfigurations = (
				85752A2F29F708FB00F541C3 /* Debug */,
				85752A3029F708FB00F541C3 /* Release */,
			);
			defaultConfigurationIsVisible = 0;
			defaultConfigurationName = Release;
		};
		85752A3129F708FB00F541C3 /* Build configuration list for PBXNativeTarget "ITC-Assignment-16Tests" */ = {
			isa = XCConfigurationList;
			buildConfigurations = (
				85752A3229F708FB00F541C3 /* Debug */,
				85752A3329F708FB00F541C3 /* Release */,
			);
			defaultConfigurationIsVisible = 0;
			defaultConfigurationName = Release;
		};
		85752A3429F708FB00F541C3 /* Build configuration list for PBXNativeTarget "ITC-Assignment-16UITests" */ = {
			isa = XCConfigurationList;
			buildConfigurations = (
				85752A3529F708FB00F541C3 /* Debug */,
				85752A3629F708FB00F541C3 /* Release */,
			);
			defaultConfigurationIsVisible = 0;
			defaultConfigurationName = Release;
		};
/* End XCConfigurationList section */
	};
	rootObject = 85752A0129F708F700F541C3 /* Project object */;
}
